{"format_version":"0.1","terraform_version":"0.13.4","variables":{"region":{"value":"ca-central-1"}},"planned_values":{"root_module":{"resources":[{"address":"aws_dynamodb_table.basic-dynamodb-table","mode":"managed","type":"aws_dynamodb_table","name":"basic-dynamodb-table","provider_name":"registry.terraform.io/hashicorp/aws","schema_version":1,"values":{"arn":"arn:aws:dynamodb:ca-central-1:005901988046:table/pipeline-services-tmp-table","attribute":[{"name":"GameTitle","type":"S"},{"name":"TopScore","type":"N"},{"name":"UserId","type":"S"}],"billing_mode":"PROVISIONED","global_secondary_index":[{"hash_key":"GameTitle","name":"GameTitleIndex","non_key_attributes":["UserId"],"projection_type":"INCLUDE","range_key":"TopScore","read_capacity":10,"write_capacity":10}],"hash_key":"UserId","id":"pipeline-services-tmp-table","local_secondary_index":[],"name":"pipeline-services-tmp-table","point_in_time_recovery":[{"enabled":true}],"range_key":"GameTitle","read_capacity":20,"replica":[],"server_side_encryption":[{"enabled":true,"kms_key_arn":"arn:aws:kms:ca-central-1:005901988046:key/c2e3b33c-3937-467f-b26b-c3ad1f415ca0"}],"stream_arn":"","stream_enabled":false,"stream_label":"","stream_view_type":"","tags":{"Name":"dynamodb-table-1","env":"dev"},"timeouts":null,"ttl":[{"attribute_name":"","enabled":false}],"write_capacity":20}},{"address":"aws_flow_log.example","mode":"managed","type":"aws_flow_log","name":"example","provider_name":"registry.terraform.io/hashicorp/aws","schema_version":0,"values":{"arn":"arn:aws:ec2:ca-central-1:005901988046:vpc-flow-log/fl-0ad3c710de6f11346","eni_id":null,"iam_role_arn":"","id":"fl-0ad3c710de6f11346","log_destination":"arn:aws:s3:::rahul.jenkins.test","log_destination_type":"s3","log_format":"${version} ${account-id} ${interface-id} ${srcaddr} ${dstaddr} ${srcport} ${dstport} ${protocol} ${packets} ${bytes} ${start} ${end} ${action} ${log-status}","log_group_name":"","max_aggregation_interval":600,"subnet_id":null,"tags":{},"traffic_type":"ALL","vpc_id":"vpc-027b0b4611e5f58fc"}},{"address":"aws_s3_bucket.s3-good-example","mode":"managed","type":"aws_s3_bucket","name":"s3-good-example","provider_name":"registry.terraform.io/hashicorp/aws","schema_version":0,"values":{"acl":"private","bucket":"etrade.poc.test-bucket","bucket_prefix":null,"cors_rule":[],"force_destroy":false,"grant":[],"lifecycle_rule":[],"logging":[{"target_bucket":"etrade.poc.test.bucket","target_prefix":"log/"}],"object_lock_configuration":[],"policy":null,"replication_configuration":[],"server_side_encryption_configuration":[{"rule":[{"apply_server_side_encryption_by_default":[{"kms_master_key_id":null,"sse_algorithm":"AES256"}]}]}],"tags":{"Name":"poc bucket","env":"dev"},"versioning":[{"enabled":true,"mfa_delete":false}],"website":[]}},{"address":"aws_s3_bucket_public_access_block.good-example-access-block","mode":"managed","type":"aws_s3_bucket_public_access_block","name":"good-example-access-block","provider_name":"registry.terraform.io/hashicorp/aws","schema_version":0,"values":{"block_public_acls":true,"block_public_policy":true,"ignore_public_acls":true,"restrict_public_buckets":true}},{"address":"aws_vpc.compliance-test","mode":"managed","type":"aws_vpc","name":"compliance-test","provider_name":"registry.terraform.io/hashicorp/aws","schema_version":1,"values":{"arn":"arn:aws:ec2:ca-central-1:005901988046:vpc/vpc-027b0b4611e5f58fc","assign_generated_ipv6_cidr_block":false,"cidr_block":"10.0.0.0/16","default_network_acl_id":"acl-0325496d12d6153ed","default_route_table_id":"rtb-0d021be76731e2e6a","default_security_group_id":"sg-0f0e2f1b3f0af5c3b","dhcp_options_id":"dopt-0618876f","enable_classiclink":null,"enable_classiclink_dns_support":null,"enable_dns_hostnames":false,"enable_dns_support":true,"id":"vpc-027b0b4611e5f58fc","instance_tenancy":"default","ipv6_association_id":"","ipv6_cidr_block":"","main_route_table_id":"rtb-0d021be76731e2e6a","owner_id":"005901988046","tags":{"Name":"compliance vpc","Purpose":"Testing compliance integration"}}}]}},"resource_changes":[{"address":"aws_dynamodb_table.basic-dynamodb-table","mode":"managed","type":"aws_dynamodb_table","name":"basic-dynamodb-table","provider_name":"registry.terraform.io/hashicorp/aws","change":{"actions":["no-op"],"before":{"arn":"arn:aws:dynamodb:ca-central-1:005901988046:table/pipeline-services-tmp-table","attribute":[{"name":"GameTitle","type":"S"},{"name":"TopScore","type":"N"},{"name":"UserId","type":"S"}],"billing_mode":"PROVISIONED","global_secondary_index":[{"hash_key":"GameTitle","name":"GameTitleIndex","non_key_attributes":["UserId"],"projection_type":"INCLUDE","range_key":"TopScore","read_capacity":10,"write_capacity":10}],"hash_key":"UserId","id":"pipeline-services-tmp-table","local_secondary_index":[],"name":"pipeline-services-tmp-table","point_in_time_recovery":[{"enabled":true}],"range_key":"GameTitle","read_capacity":20,"replica":[],"server_side_encryption":[{"enabled":true,"kms_key_arn":"arn:aws:kms:ca-central-1:005901988046:key/c2e3b33c-3937-467f-b26b-c3ad1f415ca0"}],"stream_arn":"","stream_enabled":false,"stream_label":"","stream_view_type":"","tags":{"Name":"dynamodb-table-1","env":"dev"},"timeouts":null,"ttl":[{"attribute_name":"","enabled":false}],"write_capacity":20},"after":{"arn":"arn:aws:dynamodb:ca-central-1:005901988046:table/pipeline-services-tmp-table","attribute":[{"name":"GameTitle","type":"S"},{"name":"TopScore","type":"N"},{"name":"UserId","type":"S"}],"billing_mode":"PROVISIONED","global_secondary_index":[{"hash_key":"GameTitle","name":"GameTitleIndex","non_key_attributes":["UserId"],"projection_type":"INCLUDE","range_key":"TopScore","read_capacity":10,"write_capacity":10}],"hash_key":"UserId","id":"pipeline-services-tmp-table","local_secondary_index":[],"name":"pipeline-services-tmp-table","point_in_time_recovery":[{"enabled":true}],"range_key":"GameTitle","read_capacity":20,"replica":[],"server_side_encryption":[{"enabled":true,"kms_key_arn":"arn:aws:kms:ca-central-1:005901988046:key/c2e3b33c-3937-467f-b26b-c3ad1f415ca0"}],"stream_arn":"","stream_enabled":false,"stream_label":"","stream_view_type":"","tags":{"Name":"dynamodb-table-1","env":"dev"},"timeouts":null,"ttl":[{"attribute_name":"","enabled":false}],"write_capacity":20},"after_unknown":{}}},{"address":"aws_flow_log.example","mode":"managed","type":"aws_flow_log","name":"example","provider_name":"registry.terraform.io/hashicorp/aws","change":{"actions":["no-op"],"before":{"arn":"arn:aws:ec2:ca-central-1:005901988046:vpc-flow-log/fl-0ad3c710de6f11346","eni_id":null,"iam_role_arn":"","id":"fl-0ad3c710de6f11346","log_destination":"arn:aws:s3:::rahul.jenkins.test","log_destination_type":"s3","log_format":"${version} ${account-id} ${interface-id} ${srcaddr} ${dstaddr} ${srcport} ${dstport} ${protocol} ${packets} ${bytes} ${start} ${end} ${action} ${log-status}","log_group_name":"","max_aggregation_interval":600,"subnet_id":null,"tags":{},"traffic_type":"ALL","vpc_id":"vpc-027b0b4611e5f58fc"},"after":{"arn":"arn:aws:ec2:ca-central-1:005901988046:vpc-flow-log/fl-0ad3c710de6f11346","eni_id":null,"iam_role_arn":"","id":"fl-0ad3c710de6f11346","log_destination":"arn:aws:s3:::rahul.jenkins.test","log_destination_type":"s3","log_format":"${version} ${account-id} ${interface-id} ${srcaddr} ${dstaddr} ${srcport} ${dstport} ${protocol} ${packets} ${bytes} ${start} ${end} ${action} ${log-status}","log_group_name":"","max_aggregation_interval":600,"subnet_id":null,"tags":{},"traffic_type":"ALL","vpc_id":"vpc-027b0b4611e5f58fc"},"after_unknown":{}}},{"address":"aws_s3_bucket.s3-good-example","mode":"managed","type":"aws_s3_bucket","name":"s3-good-example","provider_name":"registry.terraform.io/hashicorp/aws","change":{"actions":["create"],"before":null,"after":{"acl":"private","bucket":"etrade.poc.test-bucket","bucket_prefix":null,"cors_rule":[],"force_destroy":false,"grant":[],"lifecycle_rule":[],"logging":[{"target_bucket":"etrade.poc.test.bucket","target_prefix":"log/"}],"object_lock_configuration":[],"policy":null,"replication_configuration":[],"server_side_encryption_configuration":[{"rule":[{"apply_server_side_encryption_by_default":[{"kms_master_key_id":null,"sse_algorithm":"AES256"}]}]}],"tags":{"Name":"poc bucket","env":"dev"},"versioning":[{"enabled":true,"mfa_delete":false}],"website":[]},"after_unknown":{"acceleration_status":true,"arn":true,"bucket_domain_name":true,"bucket_regional_domain_name":true,"cors_rule":[],"grant":[],"hosted_zone_id":true,"id":true,"lifecycle_rule":[],"logging":[{}],"object_lock_configuration":[],"region":true,"replication_configuration":[],"request_payer":true,"server_side_encryption_configuration":[{"rule":[{"apply_server_side_encryption_by_default":[{}]}]}],"tags":{},"versioning":[{}],"website":[],"website_domain":true,"website_endpoint":true}}},{"address":"aws_s3_bucket_public_access_block.good-example-access-block","mode":"managed","type":"aws_s3_bucket_public_access_block","name":"good-example-access-block","provider_name":"registry.terraform.io/hashicorp/aws","change":{"actions":["create"],"before":null,"after":{"block_public_acls":true,"block_public_policy":true,"ignore_public_acls":true,"restrict_public_buckets":true},"after_unknown":{"bucket":true,"id":true}}},{"address":"aws_vpc.compliance-test","mode":"managed","type":"aws_vpc","name":"compliance-test","provider_name":"registry.terraform.io/hashicorp/aws","change":{"actions":["no-op"],"before":{"arn":"arn:aws:ec2:ca-central-1:005901988046:vpc/vpc-027b0b4611e5f58fc","assign_generated_ipv6_cidr_block":false,"cidr_block":"10.0.0.0/16","default_network_acl_id":"acl-0325496d12d6153ed","default_route_table_id":"rtb-0d021be76731e2e6a","default_security_group_id":"sg-0f0e2f1b3f0af5c3b","dhcp_options_id":"dopt-0618876f","enable_classiclink":null,"enable_classiclink_dns_support":null,"enable_dns_hostnames":false,"enable_dns_support":true,"id":"vpc-027b0b4611e5f58fc","instance_tenancy":"default","ipv6_association_id":"","ipv6_cidr_block":"","main_route_table_id":"rtb-0d021be76731e2e6a","owner_id":"005901988046","tags":{"Name":"compliance vpc","Purpose":"Testing compliance integration"}},"after":{"arn":"arn:aws:ec2:ca-central-1:005901988046:vpc/vpc-027b0b4611e5f58fc","assign_generated_ipv6_cidr_block":false,"cidr_block":"10.0.0.0/16","default_network_acl_id":"acl-0325496d12d6153ed","default_route_table_id":"rtb-0d021be76731e2e6a","default_security_group_id":"sg-0f0e2f1b3f0af5c3b","dhcp_options_id":"dopt-0618876f","enable_classiclink":null,"enable_classiclink_dns_support":null,"enable_dns_hostnames":false,"enable_dns_support":true,"id":"vpc-027b0b4611e5f58fc","instance_tenancy":"default","ipv6_association_id":"","ipv6_cidr_block":"","main_route_table_id":"rtb-0d021be76731e2e6a","owner_id":"005901988046","tags":{"Name":"compliance vpc","Purpose":"Testing compliance integration"}},"after_unknown":{}}}],"prior_state":{"format_version":"0.1","terraform_version":"0.13.4","values":{"root_module":{"resources":[{"address":"aws_dynamodb_table.basic-dynamodb-table","mode":"managed","type":"aws_dynamodb_table","name":"basic-dynamodb-table","provider_name":"registry.terraform.io/hashicorp/aws","schema_version":1,"values":{"arn":"arn:aws:dynamodb:ca-central-1:005901988046:table/pipeline-services-tmp-table","attribute":[{"name":"GameTitle","type":"S"},{"name":"TopScore","type":"N"},{"name":"UserId","type":"S"}],"billing_mode":"PROVISIONED","global_secondary_index":[{"hash_key":"GameTitle","name":"GameTitleIndex","non_key_attributes":["UserId"],"projection_type":"INCLUDE","range_key":"TopScore","read_capacity":10,"write_capacity":10}],"hash_key":"UserId","id":"pipeline-services-tmp-table","local_secondary_index":[],"name":"pipeline-services-tmp-table","point_in_time_recovery":[{"enabled":true}],"range_key":"GameTitle","read_capacity":20,"replica":[],"server_side_encryption":[{"enabled":true,"kms_key_arn":"arn:aws:kms:ca-central-1:005901988046:key/c2e3b33c-3937-467f-b26b-c3ad1f415ca0"}],"stream_arn":"","stream_enabled":false,"stream_label":"","stream_view_type":"","tags":{"Name":"dynamodb-table-1","env":"dev"},"timeouts":null,"ttl":[{"attribute_name":"","enabled":false}],"write_capacity":20}},{"address":"aws_flow_log.example","mode":"managed","type":"aws_flow_log","name":"example","provider_name":"registry.terraform.io/hashicorp/aws","schema_version":0,"values":{"arn":"arn:aws:ec2:ca-central-1:005901988046:vpc-flow-log/fl-0ad3c710de6f11346","eni_id":null,"iam_role_arn":"","id":"fl-0ad3c710de6f11346","log_destination":"arn:aws:s3:::rahul.jenkins.test","log_destination_type":"s3","log_format":"${version} ${account-id} ${interface-id} ${srcaddr} ${dstaddr} ${srcport} ${dstport} ${protocol} ${packets} ${bytes} ${start} ${end} ${action} ${log-status}","log_group_name":"","max_aggregation_interval":600,"subnet_id":null,"tags":{},"traffic_type":"ALL","vpc_id":"vpc-027b0b4611e5f58fc"},"depends_on":["aws_vpc.compliance-test","data.aws_s3_bucket.flowlog"]},{"address":"aws_vpc.compliance-test","mode":"managed","type":"aws_vpc","name":"compliance-test","provider_name":"registry.terraform.io/hashicorp/aws","schema_version":1,"values":{"arn":"arn:aws:ec2:ca-central-1:005901988046:vpc/vpc-027b0b4611e5f58fc","assign_generated_ipv6_cidr_block":false,"cidr_block":"10.0.0.0/16","default_network_acl_id":"acl-0325496d12d6153ed","default_route_table_id":"rtb-0d021be76731e2e6a","default_security_group_id":"sg-0f0e2f1b3f0af5c3b","dhcp_options_id":"dopt-0618876f","enable_classiclink":null,"enable_classiclink_dns_support":null,"enable_dns_hostnames":false,"enable_dns_support":true,"id":"vpc-027b0b4611e5f58fc","instance_tenancy":"default","ipv6_association_id":"","ipv6_cidr_block":"","main_route_table_id":"rtb-0d021be76731e2e6a","owner_id":"005901988046","tags":{"Name":"compliance vpc","Purpose":"Testing compliance integration"}}},{"address":"data.aws_s3_bucket.flowlog","mode":"data","type":"aws_s3_bucket","name":"flowlog","provider_name":"registry.terraform.io/hashicorp/aws","schema_version":0,"values":{"arn":"arn:aws:s3:::rahul.jenkins.test","bucket":"rahul.jenkins.test","bucket_domain_name":"rahul.jenkins.test.s3.amazonaws.com","bucket_regional_domain_name":"rahul.jenkins.test.s3.ca-central-1.amazonaws.com","hosted_zone_id":"Z1QDHH18159H29","id":"rahul.jenkins.test","region":"ca-central-1","website_domain":null,"website_endpoint":null}}]}}},"configuration":{"provider_config":{"aws":{"name":"aws","version_constraint":"~\u003e 3.0","expressions":{"assume_role":[{"role_arn":{"constant_value":"arn:aws:iam::005901988046:role/pipeline-services-terraform"},"session_name":{"constant_value":"pipeline-services"}}],"region":{"constant_value":"ca-central-1"}}}},"root_module":{"resources":[{"address":"aws_dynamodb_table.basic-dynamodb-table","mode":"managed","type":"aws_dynamodb_table","name":"basic-dynamodb-table","provider_config_key":"aws","expressions":{"attribute":[{"name":{"constant_value":"UserId"},"type":{"constant_value":"S"}},{"name":{"constant_value":"GameTitle"},"type":{"constant_value":"S"}},{"name":{"constant_value":"TopScore"},"type":{"constant_value":"N"}}],"billing_mode":{"constant_value":"PROVISIONED"},"global_secondary_index":[{"hash_key":{"constant_value":"GameTitle"},"name":{"constant_value":"GameTitleIndex"},"non_key_attributes":{"constant_value":["UserId"]},"projection_type":{"constant_value":"INCLUDE"},"range_key":{"constant_value":"TopScore"},"read_capacity":{"constant_value":10},"write_capacity":{"constant_value":10}}],"hash_key":{"constant_value":"UserId"},"name":{"constant_value":"pipeline-services-tmp-table"},"point_in_time_recovery":[{"enabled":{"constant_value":true}}],"range_key":{"constant_value":"GameTitle"},"read_capacity":{"constant_value":20},"server_side_encryption":[{"enabled":{"constant_value":true}}],"tags":{"constant_value":{"Name":"dynamodb-table-1","env":"dev"}},"write_capacity":{"constant_value":20}},"schema_version":1},{"address":"aws_flow_log.example","mode":"managed","type":"aws_flow_log","name":"example","provider_config_key":"aws","expressions":{"log_destination":{"references":["data.aws_s3_bucket.flowlog"]},"log_destination_type":{"constant_value":"s3"},"traffic_type":{"constant_value":"ALL"},"vpc_id":{"references":["aws_vpc.compliance-test"]}},"schema_version":0},{"address":"aws_s3_bucket.s3-good-example","mode":"managed","type":"aws_s3_bucket","name":"s3-good-example","provider_config_key":"aws","expressions":{"acl":{"constant_value":"private"},"bucket":{"constant_value":"etrade.poc.test-bucket"},"logging":[{"target_bucket":{"constant_value":"etrade.poc.test.bucket"},"target_prefix":{"constant_value":"log/"}}],"server_side_encryption_configuration":[{"rule":[{"apply_server_side_encryption_by_default":[{"sse_algorithm":{"constant_value":"AES256"}}]}]}],"tags":{"constant_value":{"Name":"poc bucket","env":"dev"}},"versioning":[{"enabled":{"constant_value":true}}]},"schema_version":0},{"address":"aws_s3_bucket_public_access_block.good-example-access-block","mode":"managed","type":"aws_s3_bucket_public_access_block","name":"good-example-access-block","provider_config_key":"aws","expressions":{"block_public_acls":{"constant_value":true},"block_public_policy":{"constant_value":true},"bucket":{"references":["aws_s3_bucket.s3-good-example"]},"ignore_public_acls":{"constant_value":true},"restrict_public_buckets":{"constant_value":true}},"schema_version":0},{"address":"aws_vpc.compliance-test","mode":"managed","type":"aws_vpc","name":"compliance-test","provider_config_key":"aws","expressions":{"cidr_block":{"constant_value":"10.0.0.0/16"},"tags":{"constant_value":{"Name":"compliance vpc","Purpose":"Testing compliance integration"}}},"schema_version":1},{"address":"data.aws_s3_bucket.flowlog","mode":"data","type":"aws_s3_bucket","name":"flowlog","provider_config_key":"aws","expressions":{"bucket":{"constant_value":"rahul.jenkins.test"}},"schema_version":0}],"variables":{"region":{"default":"ca-central-1"}}}}}
